SITE
  remote: http://community.opscode.com/api/v1
  specs:
    apt (1.8.0)
    aws (0.100.6)
    build-essential (1.3.2)
    chef_handler (1.1.4)
    dmg (1.1.0)
    git (2.1.2)
      build-essential (>= 0.0.0)
      dmg (>= 0.0.0)
      runit (>= 0.0.0)
      windows (>= 0.0.0)
      yum (>= 0.0.0)
    memcached (1.1.2)
      runit (>= 0.0.0)
    mysql (2.1.0)
      build-essential (>= 0.0.0)
      openssl (>= 0.0.0)
    nginx (1.1.4)
      build-essential (>= 0.0.0)
      ohai (>= 1.1.4)
    ntp (1.3.2)
    ohai (1.1.6)
    openssl (1.0.0)
    postgresql (2.1.0)
      openssl (>= 0.0.0)
    python (1.2.0)
      build-essential (>= 0.0.0)
      yum (>= 0.0.0)
    runit (0.16.2)
    sudo (2.0.2)
    supervisor (0.3.0)
      python (>= 0.0.0)
    vim (1.0.2)
    windows (1.7.0)
      chef_handler (>= 0.0.0)
    xfs (1.1.0)
    yum (2.0.6)

GIT
  remote: git://github.com/fnichol/chef-user.git
  ref: master
  sha: 1b52f8d41c0a320d29fa5e695393bef583e87ca8
  specs:
    user (0.3.1)

GIT
  remote: https://github.com/blackrobot/chef-django-application.git
  ref: master
  sha: a479cd9836b4c688f6eb509dd4a1b77c0310046d
  specs:
    django-application (0.1.0)
      database (>= 0.0.0)
      mysql (>= 0.0.0)
      nginx (>= 0.0.0)
      python (>= 0.0.0)
      supervisor (>= 0.0.0)

GIT
  remote: https://github.com/blackrobot/chef-dotfiles.git
  ref: master
  sha: d246fec32d0c2bc4055402ff60f8848b8479bf2c
  specs:
    dotfiles (0.1.0)
      git (>= 0.0.0)

GIT
  remote: https://github.com/opscode-cookbooks/database.git
  ref: master
  sha: 614c4d2eaba94e78132fa5305b0d18ceb72396fe
  specs:
    database (1.3.10)
      aws (>= 0.0.0)
      mysql (>= 1.3.0)
      postgresql (>= 1.0.0)
      xfs (>= 0.0.0)

DEPENDENCIES
  apt (>= 0)
  build-essential (>= 0)
  database (>= 0)
  django-application (>= 0)
  dotfiles (>= 0)
  git (>= 0)
  memcached (>= 0)
  mysql (>= 0)
  nginx (>= 0)
  ntp (>= 0)
  python (>= 0)
  sudo (>= 0)
  supervisor (>= 0)
  user (>= 0)
  vim (>= 0)

