SITE
  remote: http://community.opscode.com/api/v1
  specs:
    apt (1.8.4)
    aws (0.100.6)
    build-essential (1.3.2)
    chef_handler (1.1.4)
    dmg (1.1.0)
    git (2.1.4)
      build-essential (>= 0.0.0)
      dmg (>= 0.0.0)
      runit (<= 0.16.2)
      windows (>= 0.0.0)
      yum (>= 0.0.0)
    memcached (1.2.0)
      runit (<= 0.16.2)
      yum (>= 0.0.0)
    mysql (2.1.0)
      build-essential (>= 0.0.0)
      openssl (>= 0.0.0)
    nginx (1.2.0)
      build-essential (>= 0.0.0)
      ohai (>= 1.1.4)
    ntp (1.3.2)
    ohai (1.1.6)
    openssl (1.0.0)
    postgresql (2.1.0)
      openssl (>= 0.0.0)
    python (1.2.0)
      build-essential (>= 0.0.0)
      yum (>= 0.0.0)
    runit (0.16.2)
    sudo (2.0.4)
    supervisor (0.4.0)
      python (>= 0.0.0)
    vim (1.0.2)
    windows (1.7.0)
      chef_handler (>= 0.0.0)
    xfs (1.1.0)
    yum (2.1.0)

GIT
  remote: https://github.com/blackrobot/chef-django-app.git
  ref: master
  sha: a3d3bd88be03b614274b5d3ccb2a67a5dd52fc09
  specs:
    django-app (0.1.0)
      database (>= 0.0.0)
      mysql (>= 0.0.0)
      nginx (>= 0.0.0)
      postgresql (>= 0.0.0)
      python (>= 0.0.0)
      supervisor (>= 0.0.0)

GIT
  remote: https://github.com/blackrobot/chef-dotfiles.git
  ref: master
  sha: f2b06bd99980ce322f5e236656ee85d06d137569
  specs:
    dotfiles (0.1.2)
      git (>= 0.0.0)

GIT
  remote: https://github.com/blackrobot/chef-git-ssh-wrapper.git
  ref: master
  sha: 4b6d78ef748ea7ce22cab42d5b42f7922eced878
  specs:
    git-ssh-wrapper (0.1.0)

GIT
  remote: https://github.com/blackrobot/chef-uwsgi.git
  ref: master
  sha: a05b5e550290d76869a71eb9b401587784ce5cde
  specs:
    uwsgi (0.1.0)
      python (>= 0.0.0)

GIT
  remote: https://github.com/blackrobot/chef-virtualenvwrapper.git
  ref: master
  sha: 57bdecd83a4c8fea6837f3921ed98bac70f9fbf0
  specs:
    virtualenvwrapper (0.1.0)
      python (>= 0.0.0)

GIT
  remote: https://github.com/fnichol/chef-user.git
  ref: master
  sha: 1b52f8d41c0a320d29fa5e695393bef583e87ca8
  specs:
    user (0.3.1)

GIT
  remote: https://github.com/opscode-cookbooks/database.git
  ref: master
  sha: cc6b4d746841acf321ff69b3b5e8f120e00f1db6
  specs:
    database (1.3.12)
      aws (>= 0.0.0)
      mysql (>= 1.3.0)
      postgresql (>= 1.0.0)
      xfs (>= 0.0.0)

DEPENDENCIES
  apt (>= 0)
  build-essential (>= 0)
  database (>= 0)
  django-app (>= 0)
  dotfiles (>= 0)
  git (>= 0)
  git-ssh-wrapper (>= 0)
  memcached (>= 0)
  nginx (>= 0)
  ntp (>= 0)
  postgresql (>= 0)
  python (>= 0)
  sudo (>= 0)
  supervisor (>= 0)
  user (>= 0)
  uwsgi (>= 0)
  vim (>= 0)
  virtualenvwrapper (>= 0)

